// !$*UTF8*$!
{
	archiveVersion = 1;
	classes = {
	};
	objectVersion = 56;
	objects = {

/* Begin PBXBuildFile section */
		B6AF9CD42A3403ED0096A8B6 /* UINavigationBar+.swift in Sources */ = {isa = PBXBuildFile; fileRef = B6AF9CD32A3403ED0096A8B6 /* UINavigationBar+.swift */; };
		B6B260BE2A357FA50029368E /* QiitaSearchScreen in Frameworks */ = {isa = PBXBuildFile; productRef = B6B260BD2A357FA50029368E /* QiitaSearchScreen */; };
		B6C431E02A34CF74008F1677 /* ApplicationInterface in Frameworks */ = {isa = PBXBuildFile; productRef = B6C431DF2A34CF74008F1677 /* ApplicationInterface */; };
		B6C431E22A34CF74008F1677 /* Entity in Frameworks */ = {isa = PBXBuildFile; productRef = B6C431E12A34CF74008F1677 /* Entity */; };
		B6C431E42A34CF74008F1677 /* ItemsApiClient in Frameworks */ = {isa = PBXBuildFile; productRef = B6C431E32A34CF74008F1677 /* ItemsApiClient */; };
		B6C431E62A34CF74008F1677 /* InfrastructureInterface in Frameworks */ = {isa = PBXBuildFile; productRef = B6C431E52A34CF74008F1677 /* InfrastructureInterface */; };
		B6C431EA2A34CF74008F1677 /* PresentationInterface in Frameworks */ = {isa = PBXBuildFile; productRef = B6C431E92A34CF74008F1677 /* PresentationInterface */; };
		B6C431EC2A34CF74008F1677 /* NeedleFoundation in Frameworks */ = {isa = PBXBuildFile; productRef = B6C431EB2A34CF74008F1677 /* NeedleFoundation */; };
		B6C431F12A34E58B008F1677 /* SearchItemsInteractor in Frameworks */ = {isa = PBXBuildFile; productRef = B6C431F02A34E58B008F1677 /* SearchItemsInteractor */; };
		B6C62F932A3352CA00735188 /* AppDelegate.swift in Sources */ = {isa = PBXBuildFile; fileRef = B6C62F922A3352CA00735188 /* AppDelegate.swift */; };
		B6C62F952A3352CA00735188 /* SceneDelegate.swift in Sources */ = {isa = PBXBuildFile; fileRef = B6C62F942A3352CA00735188 /* SceneDelegate.swift */; };
		B6C62F9C2A3352CB00735188 /* Assets.xcassets in Resources */ = {isa = PBXBuildFile; fileRef = B6C62F9B2A3352CB00735188 /* Assets.xcassets */; };
		B6C62F9F2A3352CB00735188 /* LaunchScreen.storyboard in Resources */ = {isa = PBXBuildFile; fileRef = B6C62F9D2A3352CB00735188 /* LaunchScreen.storyboard */; };
		B6C62FAA2A3352CB00735188 /* BrownieTests.swift in Sources */ = {isa = PBXBuildFile; fileRef = B6C62FA92A3352CB00735188 /* BrownieTests.swift */; };
		B6C62FB42A3352CB00735188 /* BrownieUITests.swift in Sources */ = {isa = PBXBuildFile; fileRef = B6C62FB32A3352CB00735188 /* BrownieUITests.swift */; };
		B6C62FB62A3352CB00735188 /* BrownieUITestsLaunchTests.swift in Sources */ = {isa = PBXBuildFile; fileRef = B6C62FB52A3352CB00735188 /* BrownieUITestsLaunchTests.swift */; };
		B6C62FC72A3360BF00735188 /* NeedleGenerated.swift in Sources */ = {isa = PBXBuildFile; fileRef = B6C62FC62A3360BF00735188 /* NeedleGenerated.swift */; };
		B6C62FC92A33615000735188 /* RootComponent.swift in Sources */ = {isa = PBXBuildFile; fileRef = B6C62FC82A33615000735188 /* RootComponent.swift */; };
/* End PBXBuildFile section */

/* Begin PBXContainerItemProxy section */
		B6C62FA62A3352CB00735188 /* PBXContainerItemProxy */ = {
			isa = PBXContainerItemProxy;
			containerPortal = B6C62F872A3352CA00735188 /* Project object */;
			proxyType = 1;
			remoteGlobalIDString = B6C62F8E2A3352CA00735188;
			remoteInfo = Brownie;
		};
		B6C62FB02A3352CB00735188 /* PBXContainerItemProxy */ = {
			isa = PBXContainerItemProxy;
			containerPortal = B6C62F872A3352CA00735188 /* Project object */;
			proxyType = 1;
			remoteGlobalIDString = B6C62F8E2A3352CA00735188;
			remoteInfo = Brownie;
		};
/* End PBXContainerItemProxy section */

/* Begin PBXFileReference section */
		B6AF9CD32A3403ED0096A8B6 /* UINavigationBar+.swift */ = {isa = PBXFileReference; lastKnownFileType = sourcecode.swift; path = "UINavigationBar+.swift"; sourceTree = "<group>"; };
		B6C431D62A34CF4D008F1677 /* Application */ = {isa = PBXFileReference; lastKnownFileType = wrapper; path = Application; sourceTree = "<group>"; };
		B6C431D72A34CF4D008F1677 /* ApplicationInterface */ = {isa = PBXFileReference; lastKnownFileType = wrapper; path = ApplicationInterface; sourceTree = "<group>"; };
		B6C431D82A34CF4D008F1677 /* InfrastructureInterface */ = {isa = PBXFileReference; lastKnownFileType = wrapper; path = InfrastructureInterface; sourceTree = "<group>"; };
		B6C431D92A34CF4D008F1677 /* Presentation */ = {isa = PBXFileReference; lastKnownFileType = wrapper; path = Presentation; sourceTree = "<group>"; };
		B6C431DA2A34CF4D008F1677 /* PresentationInterface */ = {isa = PBXFileReference; lastKnownFileType = wrapper; path = PresentationInterface; sourceTree = "<group>"; };
		B6C431DB2A34CF4D008F1677 /* Entity */ = {isa = PBXFileReference; lastKnownFileType = wrapper; path = Entity; sourceTree = "<group>"; };
		B6C431DC2A34CF4D008F1677 /* Infrastructure */ = {isa = PBXFileReference; lastKnownFileType = wrapper; path = Infrastructure; sourceTree = "<group>"; };
		B6C431ED2A34DD79008F1677 /* Buildable */ = {isa = PBXFileReference; lastKnownFileType = wrapper; path = Buildable; sourceTree = "<group>"; };
		B6C62F8F2A3352CA00735188 /* Brownie.app */ = {isa = PBXFileReference; explicitFileType = wrapper.application; includeInIndex = 0; path = Brownie.app; sourceTree = BUILT_PRODUCTS_DIR; };
		B6C62F922A3352CA00735188 /* AppDelegate.swift */ = {isa = PBXFileReference; lastKnownFileType = sourcecode.swift; path = AppDelegate.swift; sourceTree = "<group>"; };
		B6C62F942A3352CA00735188 /* SceneDelegate.swift */ = {isa = PBXFileReference; lastKnownFileType = sourcecode.swift; path = SceneDelegate.swift; sourceTree = "<group>"; };
		B6C62F9B2A3352CB00735188 /* Assets.xcassets */ = {isa = PBXFileReference; lastKnownFileType = folder.assetcatalog; path = Assets.xcassets; sourceTree = "<group>"; };
		B6C62F9E2A3352CB00735188 /* Base */ = {isa = PBXFileReference; lastKnownFileType = file.storyboard; name = Base; path = Base.lproj/LaunchScreen.storyboard; sourceTree = "<group>"; };
		B6C62FA02A3352CB00735188 /* Info.plist */ = {isa = PBXFileReference; lastKnownFileType = text.plist.xml; path = Info.plist; sourceTree = "<group>"; };
		B6C62FA52A3352CB00735188 /* BrownieTests.xctest */ = {isa = PBXFileReference; explicitFileType = wrapper.cfbundle; includeInIndex = 0; path = BrownieTests.xctest; sourceTree = BUILT_PRODUCTS_DIR; };
		B6C62FA92A3352CB00735188 /* BrownieTests.swift */ = {isa = PBXFileReference; lastKnownFileType = sourcecode.swift; path = BrownieTests.swift; sourceTree = "<group>"; };
		B6C62FAF2A3352CB00735188 /* BrownieUITests.xctest */ = {isa = PBXFileReference; explicitFileType = wrapper.cfbundle; includeInIndex = 0; path = BrownieUITests.xctest; sourceTree = BUILT_PRODUCTS_DIR; };
		B6C62FB32A3352CB00735188 /* BrownieUITests.swift */ = {isa = PBXFileReference; lastKnownFileType = sourcecode.swift; path = BrownieUITests.swift; sourceTree = "<group>"; };
		B6C62FB52A3352CB00735188 /* BrownieUITestsLaunchTests.swift */ = {isa = PBXFileReference; lastKnownFileType = sourcecode.swift; path = BrownieUITestsLaunchTests.swift; sourceTree = "<group>"; };
		B6C62FC62A3360BF00735188 /* NeedleGenerated.swift */ = {isa = PBXFileReference; fileEncoding = 4; lastKnownFileType = sourcecode.swift; path = NeedleGenerated.swift; sourceTree = "<group>"; };
		B6C62FC82A33615000735188 /* RootComponent.swift */ = {isa = PBXFileReference; lastKnownFileType = sourcecode.swift; path = RootComponent.swift; sourceTree = "<group>"; };
/* End PBXFileReference section */

/* Begin PBXFrameworksBuildPhase section */
		B6C62F8C2A3352CA00735188 /* Frameworks */ = {
			isa = PBXFrameworksBuildPhase;
			buildActionMask = 2147483647;
			files = (
				B6C431E62A34CF74008F1677 /* InfrastructureInterface in Frameworks */,
				B6C431E42A34CF74008F1677 /* ItemsApiClient in Frameworks */,
				B6C431E22A34CF74008F1677 /* Entity in Frameworks */,
				B6C431EC2A34CF74008F1677 /* NeedleFoundation in Frameworks */,
				B6C431E02A34CF74008F1677 /* ApplicationInterface in Frameworks */,
				B6C431EA2A34CF74008F1677 /* PresentationInterface in Frameworks */,
				B6C431F12A34E58B008F1677 /* SearchItemsInteractor in Frameworks */,
				B6B260BE2A357FA50029368E /* QiitaSearchScreen in Frameworks */,
			);
			runOnlyForDeploymentPostprocessing = 0;
		};
		B6C62FA22A3352CB00735188 /* Frameworks */ = {
			isa = PBXFrameworksBuildPhase;
			buildActionMask = 2147483647;
			files = (
			);
			runOnlyForDeploymentPostprocessing = 0;
		};
		B6C62FAC2A3352CB00735188 /* Frameworks */ = {
			isa = PBXFrameworksBuildPhase;
			buildActionMask = 2147483647;
			files = (
			);
			runOnlyForDeploymentPostprocessing = 0;
		};
/* End PBXFrameworksBuildPhase section */

/* Begin PBXGroup section */
		B66282C62A336D0C005EF9F8 /* App */ = {
			isa = PBXGroup;
			children = (
				B6C62F922A3352CA00735188 /* AppDelegate.swift */,
				B6C62F9B2A3352CB00735188 /* Assets.xcassets */,
				B6C62FA02A3352CB00735188 /* Info.plist */,
				B6C62F9D2A3352CB00735188 /* LaunchScreen.storyboard */,
				B6C62FC82A33615000735188 /* RootComponent.swift */,
				B6C62F942A3352CA00735188 /* SceneDelegate.swift */,
			);
			path = App;
			sourceTree = "<group>";
		};
		B66282C72A33701D005EF9F8 /* Packages */ = {
			isa = PBXGroup;
			children = (
				B6C431D62A34CF4D008F1677 /* Application */,
				B6C431D72A34CF4D008F1677 /* ApplicationInterface */,
				B6C431ED2A34DD79008F1677 /* Buildable */,
				B6C431DB2A34CF4D008F1677 /* Entity */,
				B6C431DC2A34CF4D008F1677 /* Infrastructure */,
				B6C431D82A34CF4D008F1677 /* InfrastructureInterface */,
				B6C431D92A34CF4D008F1677 /* Presentation */,
				B6C431DA2A34CF4D008F1677 /* PresentationInterface */,
			);
			path = Packages;
			sourceTree = "<group>";
		};
		B6AF9CD22A3403D40096A8B6 /* Extension */ = {
			isa = PBXGroup;
			children = (
				B6AF9CD32A3403ED0096A8B6 /* UINavigationBar+.swift */,
			);
			path = Extension;
			sourceTree = "<group>";
		};
		B6C62F862A3352CA00735188 = {
			isa = PBXGroup;
			children = (
				B66282C72A33701D005EF9F8 /* Packages */,
				B6C62F912A3352CA00735188 /* Brownie */,
				B6C62FA82A3352CB00735188 /* BrownieTests */,
				B6C62FB22A3352CB00735188 /* BrownieUITests */,
				B6C62F902A3352CA00735188 /* Products */,
				B6C62FD02A336A1500735188 /* Frameworks */,
			);
			sourceTree = "<group>";
		};
		B6C62F902A3352CA00735188 /* Products */ = {
			isa = PBXGroup;
			children = (
				B6C62F8F2A3352CA00735188 /* Brownie.app */,
				B6C62FA52A3352CB00735188 /* BrownieTests.xctest */,
				B6C62FAF2A3352CB00735188 /* BrownieUITests.xctest */,
			);
			name = Products;
			sourceTree = "<group>";
		};
		B6C62F912A3352CA00735188 /* Brownie */ = {
			isa = PBXGroup;
			children = (
				B66282C62A336D0C005EF9F8 /* App */,
				B6AF9CD22A3403D40096A8B6 /* Extension */,
				B6C62FCA2A33632E00735188 /* Generated */,
			);
			path = Brownie;
			sourceTree = "<group>";
		};
		B6C62FA82A3352CB00735188 /* BrownieTests */ = {
			isa = PBXGroup;
			children = (
				B6C62FA92A3352CB00735188 /* BrownieTests.swift */,
			);
			path = BrownieTests;
			sourceTree = "<group>";
		};
		B6C62FB22A3352CB00735188 /* BrownieUITests */ = {
			isa = PBXGroup;
			children = (
				B6C62FB32A3352CB00735188 /* BrownieUITests.swift */,
				B6C62FB52A3352CB00735188 /* BrownieUITestsLaunchTests.swift */,
			);
			path = BrownieUITests;
			sourceTree = "<group>";
		};
		B6C62FCA2A33632E00735188 /* Generated */ = {
			isa = PBXGroup;
			children = (
				B6C62FC62A3360BF00735188 /* NeedleGenerated.swift */,
			);
			path = Generated;
			sourceTree = "<group>";
		};
		B6C62FD02A336A1500735188 /* Frameworks */ = {
			isa = PBXGroup;
			children = (
			);
			name = Frameworks;
			sourceTree = "<group>";
		};
/* End PBXGroup section */

/* Begin PBXNativeTarget section */
		B6C62F8E2A3352CA00735188 /* Brownie */ = {
			isa = PBXNativeTarget;
			buildConfigurationList = B6C62FB92A3352CB00735188 /* Build configuration list for PBXNativeTarget "Brownie" */;
			buildPhases = (
				B6C62FC52A335FCB00735188 /* Run needle */,
				B6C62F8B2A3352CA00735188 /* Sources */,
				B6C62F8C2A3352CA00735188 /* Frameworks */,
				B6C62F8D2A3352CA00735188 /* Resources */,
			);
			buildRules = (
			);
			dependencies = (
			);
			name = Brownie;
			packageProductDependencies = (
				B6C431DF2A34CF74008F1677 /* ApplicationInterface */,
				B6C431E12A34CF74008F1677 /* Entity */,
				B6C431E32A34CF74008F1677 /* ItemsApiClient */,
				B6C431E52A34CF74008F1677 /* InfrastructureInterface */,
				B6C431E92A34CF74008F1677 /* PresentationInterface */,
				B6C431EB2A34CF74008F1677 /* NeedleFoundation */,
				B6C431F02A34E58B008F1677 /* SearchItemsInteractor */,
				B6B260BD2A357FA50029368E /* QiitaSearchScreen */,
			);
			productName = Brownie;
			productReference = B6C62F8F2A3352CA00735188 /* Brownie.app */;
			productType = "com.apple.product-type.application";
		};
		B6C62FA42A3352CB00735188 /* BrownieTests */ = {
			isa = PBXNativeTarget;
			buildConfigurationList = B6C62FBC2A3352CB00735188 /* Build configuration list for PBXNativeTarget "BrownieTests" */;
			buildPhases = (
				B6C62FA12A3352CB00735188 /* Sources */,
				B6C62FA22A3352CB00735188 /* Frameworks */,
				B6C62FA32A3352CB00735188 /* Resources */,
			);
			buildRules = (
			);
			dependencies = (
				B6C62FA72A3352CB00735188 /* PBXTargetDependency */,
			);
			name = BrownieTests;
			productName = BrownieTests;
			productReference = B6C62FA52A3352CB00735188 /* BrownieTests.xctest */;
			productType = "com.apple.product-type.bundle.unit-test";
		};
		B6C62FAE2A3352CB00735188 /* BrownieUITests */ = {
			isa = PBXNativeTarget;
			buildConfigurationList = B6C62FBF2A3352CB00735188 /* Build configuration list for PBXNativeTarget "BrownieUITests" */;
			buildPhases = (
				B6C62FAB2A3352CB00735188 /* Sources */,
				B6C62FAC2A3352CB00735188 /* Frameworks */,
				B6C62FAD2A3352CB00735188 /* Resources */,
			);
			buildRules = (
			);
			dependencies = (
				B6C62FB12A3352CB00735188 /* PBXTargetDependency */,
			);
			name = BrownieUITests;
			productName = BrownieUITests;
			productReference = B6C62FAF2A3352CB00735188 /* BrownieUITests.xctest */;
			productType = "com.apple.product-type.bundle.ui-testing";
		};
/* End PBXNativeTarget section */

/* Begin PBXProject section */
		B6C62F872A3352CA00735188 /* Project object */ = {
			isa = PBXProject;
			attributes = {
				BuildIndependentTargetsInParallel = 1;
				LastSwiftUpdateCheck = 1420;
				LastUpgradeCheck = 1420;
				TargetAttributes = {
					B6C62F8E2A3352CA00735188 = {
						CreatedOnToolsVersion = 14.2;
					};
					B6C62FA42A3352CB00735188 = {
						CreatedOnToolsVersion = 14.2;
						TestTargetID = B6C62F8E2A3352CA00735188;
					};
					B6C62FAE2A3352CB00735188 = {
						CreatedOnToolsVersion = 14.2;
						TestTargetID = B6C62F8E2A3352CA00735188;
					};
				};
			};
			buildConfigurationList = B6C62F8A2A3352CA00735188 /* Build configuration list for PBXProject "Brownie" */;
			compatibilityVersion = "Xcode 14.0";
			developmentRegion = en;
			hasScannedForEncodings = 0;
			knownRegions = (
				en,
				Base,
			);
			mainGroup = B6C62F862A3352CA00735188;
			packageReferences = (
				B6C62FC22A335F1500735188 /* XCRemoteSwiftPackageReference "needle" */,
			);
			productRefGroup = B6C62F902A3352CA00735188 /* Products */;
			projectDirPath = "";
			projectRoot = "";
			targets = (
				B6C62F8E2A3352CA00735188 /* Brownie */,
				B6C62FA42A3352CB00735188 /* BrownieTests */,
				B6C62FAE2A3352CB00735188 /* BrownieUITests */,
			);
		};
/* End PBXProject section */

/* Begin PBXResourcesBuildPhase section */
		B6C62F8D2A3352CA00735188 /* Resources */ = {
			isa = PBXResourcesBuildPhase;
			buildActionMask = 2147483647;
			files = (
				B6C62F9F2A3352CB00735188 /* LaunchScreen.storyboard in Resources */,
				B6C62F9C2A3352CB00735188 /* Assets.xcassets in Resources */,
			);
			runOnlyForDeploymentPostprocessing = 0;
		};
		B6C62FA32A3352CB00735188 /* Resources */ = {
			isa = PBXResourcesBuildPhase;
			buildActionMask = 2147483647;
			files = (
			);
			runOnlyForDeploymentPostprocessing = 0;
		};
		B6C62FAD2A3352CB00735188 /* Resources */ = {
			isa = PBXResourcesBuildPhase;
			buildActionMask = 2147483647;
			files = (
			);
			runOnlyForDeploymentPostprocessing = 0;
		};
/* End PBXResourcesBuildPhase section */

/* Begin PBXShellScriptBuildPhase section */
		B6C62FC52A335FCB00735188 /* Run needle */ = {
			isa = PBXShellScriptBuildPhase;
			alwaysOutOfDate = 1;
			buildActionMask = 2147483647;
			files = (
			);
			inputFileListPaths = (
			);
			inputPaths = (
			);
			name = "Run needle";
			outputFileListPaths = (
			);
			outputPaths = (
			);
			runOnlyForDeploymentPostprocessing = 0;
			shellPath = /bin/sh;
			shellScript = "# 以下の部分はAppleシリコンのMacで必要になります。\nif [ $(uname -m) = \"arm64\" ]; then\n  export PATH=\"/opt/homebrew/bin:/opt/homebrew/sbin:${PATH+:$PATH}\";\nfi\n\nexport SOURCEKIT_LOGGING=0 && needle generate $SRCROOT/Brownie/Generated/NeedleGenerated.swift Brownie Packages\n";
		};
/* End PBXShellScriptBuildPhase section */

/* Begin PBXSourcesBuildPhase section */
		B6C62F8B2A3352CA00735188 /* Sources */ = {
			isa = PBXSourcesBuildPhase;
			buildActionMask = 2147483647;
			files = (
				B6C62FC72A3360BF00735188 /* NeedleGenerated.swift in Sources */,
				B6C62F932A3352CA00735188 /* AppDelegate.swift in Sources */,
				B6C62FC92A33615000735188 /* RootComponent.swift in Sources */,
				B6AF9CD42A3403ED0096A8B6 /* UINavigationBar+.swift in Sources */,
				B6C62F952A3352CA00735188 /* SceneDelegate.swift in Sources */,
			);
			runOnlyForDeploymentPostprocessing = 0;
		};
		B6C62FA12A3352CB00735188 /* Sources */ = {
			isa = PBXSourcesBuildPhase;
			buildActionMask = 2147483647;
			files = (
				B6C62FAA2A3352CB00735188 /* BrownieTests.swift in Sources */,
			);
			runOnlyForDeploymentPostprocessing = 0;
		};
		B6C62FAB2A3352CB00735188 /* Sources */ = {
			isa = PBXSourcesBuildPhase;
			buildActionMask = 2147483647;
			files = (
				B6C62FB42A3352CB00735188 /* BrownieUITests.swift in Sources */,
				B6C62FB62A3352CB00735188 /* BrownieUITestsLaunchTests.swift in Sources */,
			);
			runOnlyForDeploymentPostprocessing = 0;
		};
/* End PBXSourcesBuildPhase section */

/* Begin PBXTargetDependency section */
		B6C62FA72A3352CB00735188 /* PBXTargetDependency */ = {
			isa = PBXTargetDependency;
			target = B6C62F8E2A3352CA00735188 /* Brownie */;
			targetProxy = B6C62FA62A3352CB00735188 /* PBXContainerItemProxy */;
		};
		B6C62FB12A3352CB00735188 /* PBXTargetDependency */ = {
			isa = PBXTargetDependency;
			target = B6C62F8E2A3352CA00735188 /* Brownie */;
			targetProxy = B6C62FB02A3352CB00735188 /* PBXContainerItemProxy */;
		};
/* End PBXTargetDependency section */

/* Begin PBXVariantGroup section */
		B6C62F9D2A3352CB00735188 /* LaunchScreen.storyboard */ = {
			isa = PBXVariantGroup;
			children = (
				B6C62F9E2A3352CB00735188 /* Base */,
			);
			name = LaunchScreen.storyboard;
			sourceTree = "<group>";
		};
/* End PBXVariantGroup section */

/* Begin XCBuildConfiguration section */
		B6C62FB72A3352CB00735188 /* Debug */ = {
			isa = XCBuildConfiguration;
			buildSettings = {
				ALWAYS_SEARCH_USER_PATHS = NO;
				CLANG_ANALYZER_NONNULL = YES;
				CLANG_ANALYZER_NUMBER_OBJECT_CONVERSION = YES_AGGRESSIVE;
				CLANG_CXX_LANGUAGE_STANDARD = "gnu++20";
				CLANG_ENABLE_MODULES = YES;
				CLANG_ENABLE_OBJC_ARC = YES;
				CLANG_ENABLE_OBJC_WEAK = YES;
				CLANG_WARN_BLOCK_CAPTURE_AUTORELEASING = YES;
				CLANG_WARN_BOOL_CONVERSION = YES;
				CLANG_WARN_COMMA = YES;
				CLANG_WARN_CONSTANT_CONVERSION = YES;
				CLANG_WARN_DEPRECATED_OBJC_IMPLEMENTATIONS = YES;
				CLANG_WARN_DIRECT_OBJC_ISA_USAGE = YES_ERROR;
				CLANG_WARN_DOCUMENTATION_COMMENTS = YES;
				CLANG_WARN_EMPTY_BODY = YES;
				CLANG_WARN_ENUM_CONVERSION = YES;
				CLANG_WARN_INFINITE_RECURSION = YES;
				CLANG_WARN_INT_CONVERSION = YES;
				CLANG_WARN_NON_LITERAL_NULL_CONVERSION = YES;
				CLANG_WARN_OBJC_IMPLICIT_RETAIN_SELF = YES;
				CLANG_WARN_OBJC_LITERAL_CONVERSION = YES;
				CLANG_WARN_OBJC_ROOT_CLASS = YES_ERROR;
				CLANG_WARN_QUOTED_INCLUDE_IN_FRAMEWORK_HEADER = YES;
				CLANG_WARN_RANGE_LOOP_ANALYSIS = YES;
				CLANG_WARN_STRICT_PROTOTYPES = YES;
				CLANG_WARN_SUSPICIOUS_MOVE = YES;
				CLANG_WARN_UNGUARDED_AVAILABILITY = YES_AGGRESSIVE;
				CLANG_WARN_UNREACHABLE_CODE = YES;
				CLANG_WARN__DUPLICATE_METHOD_MATCH = YES;
				COPY_PHASE_STRIP = NO;
				DEBUG_INFORMATION_FORMAT = dwarf;
				ENABLE_STRICT_OBJC_MSGSEND = YES;
				ENABLE_TESTABILITY = YES;
				GCC_C_LANGUAGE_STANDARD = gnu11;
				GCC_DYNAMIC_NO_PIC = NO;
				GCC_NO_COMMON_BLOCKS = YES;
				GCC_OPTIMIZATION_LEVEL = 0;
				GCC_PREPROCESSOR_DEFINITIONS = (
					"DEBUG=1",
					"$(inherited)",
				);
				GCC_WARN_64_TO_32_BIT_CONVERSION = YES;
				GCC_WARN_ABOUT_RETURN_TYPE = YES_ERROR;
				GCC_WARN_UNDECLARED_SELECTOR = YES;
				GCC_WARN_UNINITIALIZED_AUTOS = YES_AGGRESSIVE;
				GCC_WARN_UNUSED_FUNCTION = YES;
				GCC_WARN_UNUSED_VARIABLE = YES;
				IPHONEOS_DEPLOYMENT_TARGET = 15.0;
				MTL_ENABLE_DEBUG_INFO = INCLUDE_SOURCE;
				MTL_FAST_MATH = YES;
				ONLY_ACTIVE_ARCH = YES;
				SDKROOT = iphoneos;
				SWIFT_ACTIVE_COMPILATION_CONDITIONS = DEBUG;
				SWIFT_OPTIMIZATION_LEVEL = "-Onone";
			};
			name = Debug;
		};
		B6C62FB82A3352CB00735188 /* Release */ = {
			isa = XCBuildConfiguration;
			buildSettings = {
				ALWAYS_SEARCH_USER_PATHS = NO;
				CLANG_ANALYZER_NONNULL = YES;
				CLANG_ANALYZER_NUMBER_OBJECT_CONVERSION = YES_AGGRESSIVE;
				CLANG_CXX_LANGUAGE_STANDARD = "gnu++20";
				CLANG_ENABLE_MODULES = YES;
				CLANG_ENABLE_OBJC_ARC = YES;
				CLANG_ENABLE_OBJC_WEAK = YES;
				CLANG_WARN_BLOCK_CAPTURE_AUTORELEASING = YES;
				CLANG_WARN_BOOL_CONVERSION = YES;
				CLANG_WARN_COMMA = YES;
				CLANG_WARN_CONSTANT_CONVERSION = YES;
				CLANG_WARN_DEPRECATED_OBJC_IMPLEMENTATIONS = YES;
				CLANG_WARN_DIRECT_OBJC_ISA_USAGE = YES_ERROR;
				CLANG_WARN_DOCUMENTATION_COMMENTS = YES;
				CLANG_WARN_EMPTY_BODY = YES;
				CLANG_WARN_ENUM_CONVERSION = YES;
				CLANG_WARN_INFINITE_RECURSION = YES;
				CLANG_WARN_INT_CONVERSION = YES;
				CLANG_WARN_NON_LITERAL_NULL_CONVERSION = YES;
				CLANG_WARN_OBJC_IMPLICIT_RETAIN_SELF = YES;
				CLANG_WARN_OBJC_LITERAL_CONVERSION = YES;
				CLANG_WARN_OBJC_ROOT_CLASS = YES_ERROR;
				CLANG_WARN_QUOTED_INCLUDE_IN_FRAMEWORK_HEADER = YES;
				CLANG_WARN_RANGE_LOOP_ANALYSIS = YES;
				CLANG_WARN_STRICT_PROTOTYPES = YES;
				CLANG_WARN_SUSPICIOUS_MOVE = YES;
				CLANG_WARN_UNGUARDED_AVAILABILITY = YES_AGGRESSIVE;
				CLANG_WARN_UNREACHABLE_CODE = YES;
				CLANG_WARN__DUPLICATE_METHOD_MATCH = YES;
				COPY_PHASE_STRIP = NO;
				DEBUG_INFORMATION_FORMAT = "dwarf-with-dsym";
				ENABLE_NS_ASSERTIONS = NO;
				ENABLE_STRICT_OBJC_MSGSEND = YES;
				GCC_C_LANGUAGE_STANDARD = gnu11;
				GCC_NO_COMMON_BLOCKS = YES;
				GCC_WARN_64_TO_32_BIT_CONVERSION = YES;
				GCC_WARN_ABOUT_RETURN_TYPE = YES_ERROR;
				GCC_WARN_UNDECLARED_SELECTOR = YES;
				GCC_WARN_UNINITIALIZED_AUTOS = YES_AGGRESSIVE;
				GCC_WARN_UNUSED_FUNCTION = YES;
				GCC_WARN_UNUSED_VARIABLE = YES;
				IPHONEOS_DEPLOYMENT_TARGET = 15.0;
				MTL_ENABLE_DEBUG_INFO = NO;
				MTL_FAST_MATH = YES;
				SDKROOT = iphoneos;
				SWIFT_COMPILATION_MODE = wholemodule;
				SWIFT_OPTIMIZATION_LEVEL = "-O";
				VALIDATE_PRODUCT = YES;
			};
			name = Release;
		};
		B6C62FBA2A3352CB00735188 /* Debug */ = {
			isa = XCBuildConfiguration;
			buildSettings = {
				ASSETCATALOG_COMPILER_APPICON_NAME = AppIcon;
				ASSETCATALOG_COMPILER_GLOBAL_ACCENT_COLOR_NAME = AccentColor;
				CODE_SIGN_STYLE = Automatic;
				CURRENT_PROJECT_VERSION = 1;
				DEVELOPMENT_TEAM = B8PR34D6DP;
				GENERATE_INFOPLIST_FILE = YES;
				INFOPLIST_FILE = Brownie/App/Info.plist;
				INFOPLIST_KEY_UIApplicationSupportsIndirectInputEvents = YES;
				INFOPLIST_KEY_UILaunchStoryboardName = LaunchScreen;
				INFOPLIST_KEY_UISupportedInterfaceOrientations_iPad = "UIInterfaceOrientationPortrait UIInterfaceOrientationPortraitUpsideDown UIInterfaceOrientationLandscapeLeft UIInterfaceOrientationLandscapeRight";
				INFOPLIST_KEY_UISupportedInterfaceOrientations_iPhone = "UIInterfaceOrientationPortrait UIInterfaceOrientationLandscapeLeft UIInterfaceOrientationLandscapeRight";
				LD_RUNPATH_SEARCH_PATHS = (
					"$(inherited)",
					"@executable_path/Frameworks",
				);
				MARKETING_VERSION = 1.0;
				PRODUCT_BUNDLE_IDENTIFIER = jp.yuoku.Brownie;
				PRODUCT_NAME = "$(TARGET_NAME)";
				SWIFT_EMIT_LOC_STRINGS = YES;
				SWIFT_VERSION = 5.0;
				TARGETED_DEVICE_FAMILY = "1,2";
			};
			name = Debug;
		};
		B6C62FBB2A3352CB00735188 /* Release */ = {
			isa = XCBuildConfiguration;
			buildSettings = {
				ASSETCATALOG_COMPILER_APPICON_NAME = AppIcon;
				ASSETCATALOG_COMPILER_GLOBAL_ACCENT_COLOR_NAME = AccentColor;
				CODE_SIGN_STYLE = Automatic;
				CURRENT_PROJECT_VERSION = 1;
				DEVELOPMENT_TEAM = B8PR34D6DP;
				GENERATE_INFOPLIST_FILE = YES;
				INFOPLIST_FILE = Brownie/App/Info.plist;
				INFOPLIST_KEY_UIApplicationSupportsIndirectInputEvents = YES;
				INFOPLIST_KEY_UILaunchStoryboardName = LaunchScreen;
				INFOPLIST_KEY_UISupportedInterfaceOrientations_iPad = "UIInterfaceOrientationPortrait UIInterfaceOrientationPortraitUpsideDown UIInterfaceOrientationLandscapeLeft UIInterfaceOrientationLandscapeRight";
				INFOPLIST_KEY_UISupportedInterfaceOrientations_iPhone = "UIInterfaceOrientationPortrait UIInterfaceOrientationLandscapeLeft UIInterfaceOrientationLandscapeRight";
				LD_RUNPATH_SEARCH_PATHS = (
					"$(inherited)",
					"@executable_path/Frameworks",
				);
				MARKETING_VERSION = 1.0;
				PRODUCT_BUNDLE_IDENTIFIER = jp.yuoku.Brownie;
				PRODUCT_NAME = "$(TARGET_NAME)";
				SWIFT_EMIT_LOC_STRINGS = YES;
				SWIFT_VERSION = 5.0;
				TARGETED_DEVICE_FAMILY = "1,2";
			};
			name = Release;
		};
		B6C62FBD2A3352CB00735188 /* Debug */ = {
			isa = XCBuildConfiguration;
			buildSettings = {
				ALWAYS_EMBED_SWIFT_STANDARD_LIBRARIES = YES;
				BUNDLE_LOADER = "$(TEST_HOST)";
				CODE_SIGN_STYLE = Automatic;
				CURRENT_PROJECT_VERSION = 1;
				DEVELOPMENT_TEAM = B8PR34D6DP;
				GENERATE_INFOPLIST_FILE = YES;
				IPHONEOS_DEPLOYMENT_TARGET = 16.2;
				MARKETING_VERSION = 1.0;
				PRODUCT_BUNDLE_IDENTIFIER = jp.yuoku.BrownieTests;
				PRODUCT_NAME = "$(TARGET_NAME)";
				SWIFT_EMIT_LOC_STRINGS = NO;
				SWIFT_VERSION = 5.0;
				TARGETED_DEVICE_FAMILY = "1,2";
				TEST_HOST = "$(BUILT_PRODUCTS_DIR)/Brownie.app/$(BUNDLE_EXECUTABLE_FOLDER_PATH)/Brownie";
			};
			name = Debug;
		};
		B6C62FBE2A3352CB00735188 /* Release */ = {
			isa = XCBuildConfiguration;
			buildSettings = {
				ALWAYS_EMBED_SWIFT_STANDARD_LIBRARIES = YES;
				BUNDLE_LOADER = "$(TEST_HOST)";
				CODE_SIGN_STYLE = Automatic;
				CURRENT_PROJECT_VERSION = 1;
				DEVELOPMENT_TEAM = B8PR34D6DP;
				GENERATE_INFOPLIST_FILE = YES;
				IPHONEOS_DEPLOYMENT_TARGET = 16.2;
				MARKETING_VERSION = 1.0;
				PRODUCT_BUNDLE_IDENTIFIER = jp.yuoku.BrownieTests;
				PRODUCT_NAME = "$(TARGET_NAME)";
				SWIFT_EMIT_LOC_STRINGS = NO;
				SWIFT_VERSION = 5.0;
				TARGETED_DEVICE_FAMILY = "1,2";
				TEST_HOST = "$(BUILT_PRODUCTS_DIR)/Brownie.app/$(BUNDLE_EXECUTABLE_FOLDER_PATH)/Brownie";
			};
			name = Release;
		};
		B6C62FC02A3352CB00735188 /* Debug */ = {
			isa = XCBuildConfiguration;
			buildSettings = {
				ALWAYS_EMBED_SWIFT_STANDARD_LIBRARIES = YES;
				CODE_SIGN_STYLE = Automatic;
				CURRENT_PROJECT_VERSION = 1;
				DEVELOPMENT_TEAM = B8PR34D6DP;
				GENERATE_INFOPLIST_FILE = YES;
				MARKETING_VERSION = 1.0;
				PRODUCT_BUNDLE_IDENTIFIER = jp.yuoku.BrownieUITests;
				PRODUCT_NAME = "$(TARGET_NAME)";
				SWIFT_EMIT_LOC_STRINGS = NO;
				SWIFT_VERSION = 5.0;
				TARGETED_DEVICE_FAMILY = "1,2";
				TEST_TARGET_NAME = Brownie;
			};
			name = Debug;
		};
		B6C62FC12A3352CB00735188 /* Release */ = {
			isa = XCBuildConfiguration;
			buildSettings = {
				ALWAYS_EMBED_SWIFT_STANDARD_LIBRARIES = YES;
				CODE_SIGN_STYLE = Automatic;
				CURRENT_PROJECT_VERSION = 1;
				DEVELOPMENT_TEAM = B8PR34D6DP;
				GENERATE_INFOPLIST_FILE = YES;
				MARKETING_VERSION = 1.0;
				PRODUCT_BUNDLE_IDENTIFIER = jp.yuoku.BrownieUITests;
				PRODUCT_NAME = "$(TARGET_NAME)";
				SWIFT_EMIT_LOC_STRINGS = NO;
				SWIFT_VERSION = 5.0;
				TARGETED_DEVICE_FAMILY = "1,2";
				TEST_TARGET_NAME = Brownie;
			};
			name = Release;
		};
/* End XCBuildConfiguration section */

/* Begin XCConfigurationList section */
		B6C62F8A2A3352CA00735188 /* Build configuration list for PBXProject "Brownie" */ = {
			isa = XCConfigurationList;
			buildConfigurations = (
				B6C62FB72A3352CB00735188 /* Debug */,
				B6C62FB82A3352CB00735188 /* Release */,
			);
			defaultConfigurationIsVisible = 0;
			defaultConfigurationName = Release;
		};
		B6C62FB92A3352CB00735188 /* Build configuration list for PBXNativeTarget "Brownie" */ = {
			isa = XCConfigurationList;
			buildConfigurations = (
				B6C62FBA2A3352CB00735188 /* Debug */,
				B6C62FBB2A3352CB00735188 /* Release */,
			);
			defaultConfigurationIsVisible = 0;
			defaultConfigurationName = Release;
		};
		B6C62FBC2A3352CB00735188 /* Build configuration list for PBXNativeTarget "BrownieTests" */ = {
			isa = XCConfigurationList;
			buildConfigurations = (
				B6C62FBD2A3352CB00735188 /* Debug */,
				B6C62FBE2A3352CB00735188 /* Release */,
			);
			defaultConfigurationIsVisible = 0;
			defaultConfigurationName = Release;
		};
		B6C62FBF2A3352CB00735188 /* Build configuration list for PBXNativeTarget "BrownieUITests" */ = {
			isa = XCConfigurationList;
			buildConfigurations = (
				B6C62FC02A3352CB00735188 /* Debug */,
				B6C62FC12A3352CB00735188 /* Release */,
			);
			defaultConfigurationIsVisible = 0;
			defaultConfigurationName = Release;
		};
/* End XCConfigurationList section */

/* Begin XCRemoteSwiftPackageReference section */
		B6C62FC22A335F1500735188 /* XCRemoteSwiftPackageReference "needle" */ = {
			isa = XCRemoteSwiftPackageReference;
			repositoryURL = "https://github.com/uber/needle.git";
			requirement = {
				branch = master;
				kind = branch;
			};
		};
/* End XCRemoteSwiftPackageReference section */

/* Begin XCSwiftPackageProductDependency section */
		B6B260BD2A357FA50029368E /* QiitaSearchScreen */ = {
			isa = XCSwiftPackageProductDependency;
			productName = QiitaSearchScreen;
		};
		B6C431DF2A34CF74008F1677 /* ApplicationInterface */ = {
			isa = XCSwiftPackageProductDependency;
			productName = ApplicationInterface;
		};
		B6C431E12A34CF74008F1677 /* Entity */ = {
			isa = XCSwiftPackageProductDependency;
			productName = Entity;
		};
		B6C431E32A34CF74008F1677 /* ItemsApiClient */ = {
			isa = XCSwiftPackageProductDependency;
			productName = ItemsApiClient;
		};
		B6C431E52A34CF74008F1677 /* InfrastructureInterface */ = {
			isa = XCSwiftPackageProductDependency;
			productName = InfrastructureInterface;
		};
		B6C431E92A34CF74008F1677 /* PresentationInterface */ = {
			isa = XCSwiftPackageProductDependency;
			productName = PresentationInterface;
		};
		B6C431EB2A34CF74008F1677 /* NeedleFoundation */ = {
			isa = XCSwiftPackageProductDependency;
			package = B6C62FC22A335F1500735188 /* XCRemoteSwiftPackageReference "needle" */;
			productName = NeedleFoundation;
		};
		B6C431F02A34E58B008F1677 /* SearchItemsInteractor */ = {
			isa = XCSwiftPackageProductDependency;
			productName = SearchItemsInteractor;
		};
/* End XCSwiftPackageProductDependency section */
	};
	rootObject = B6C62F872A3352CA00735188 /* Project object */;
}
